# This file is autogenerated, do not edit; changes may be undone by the next 'dep ensure'.


[[projects]]
  branch = "master"
  name = "github.com/vishvananda/netlink"
  packages = [".","nl"]
  revision = "c2a3de3b38bd00f07290c3c5e12b4dbc04ec8666"

[[projects]]
  branch = "master"
  name = "github.com/vishvananda/netns"
  packages = ["."]
  revision = "be1fbeda19366dea804f00efff2dd73a1642fdcc"

[[projects]]
  branch = "master"
  name = "golang.org/x/sys"
  packages = ["unix"]
  revision = "82aafbf43bf885069dc71b7e7c2f9d7a614d47da"

[solve-meta]
  analyzer-name = "dep"
  analyzer-version = 1
  inputs-digest = "424d1d43e07b244c0add472ae4a483d3b088974e62e308af7fe76d1d68da2ce0"
  solver-name = "gps-cdcl"
  solver-version = 1
